// !$*UTF8*$!
{
	archiveVersion = 1;
	classes = {
	};
	objectVersion = 50;
	objects = {

/* Begin PBXBuildFile section */
		3502142F25BE05EA0094165A /* login-filled-texts.png in Resources */ = {isa = PBXBuildFile; fileRef = 3502142B25BE05E80094165A /* login-filled-texts.png */; };
		3502143025BE05EA0094165A /* iphone-mockup.gif in Resources */ = {isa = PBXBuildFile; fileRef = 3502142C25BE05EA0094165A /* iphone-mockup.gif */; };
		3502143125BE05EA0094165A /* login.png in Resources */ = {isa = PBXBuildFile; fileRef = 3502142D25BE05EA0094165A /* login.png */; };
		3502143225BE05EA0094165A /* feed.png in Resources */ = {isa = PBXBuildFile; fileRef = 3502142E25BE05EA0094165A /* feed.png */; };
		3519AC8C25BA37B700876A52 /* CustomSecureField.swift in Sources */ = {isa = PBXBuildFile; fileRef = 3519AC8B25BA37B700876A52 /* CustomSecureField.swift */; };
		3519AC9125BA3AAD00876A52 /* CustomRoundedRectangle.swift in Sources */ = {isa = PBXBuildFile; fileRef = 3519AC9025BA3AAD00876A52 /* CustomRoundedRectangle.swift */; };
		3519AC9625BA5C8000876A52 /* CustomButton.swift in Sources */ = {isa = PBXBuildFile; fileRef = 3519AC9525BA5C8000876A52 /* CustomButton.swift */; };
		3519AC9A25BA639100876A52 /* LinkText.swift in Sources */ = {isa = PBXBuildFile; fileRef = 3519AC9925BA639100876A52 /* LinkText.swift */; };
		3519ACA625BA738100876A52 /* LoginViewState.swift in Sources */ = {isa = PBXBuildFile; fileRef = 3519ACA525BA738100876A52 /* LoginViewState.swift */; };
		3519ACAB25BA74CE00876A52 /* LoginViewModel.swift in Sources */ = {isa = PBXBuildFile; fileRef = 3519ACAA25BA74CE00876A52 /* LoginViewModel.swift */; };
		352DC7BD25BB15530090BB6E /* CustomNavigationBar.swift in Sources */ = {isa = PBXBuildFile; fileRef = 352DC7BC25BB15530090BB6E /* CustomNavigationBar.swift */; };
		352DC7C225BB319E0090BB6E /* StoriesView.swift in Sources */ = {isa = PBXBuildFile; fileRef = 352DC7C125BB319E0090BB6E /* StoriesView.swift */; };
		352DC7C625BB4A630090BB6E /* StoryIconItem.swift in Sources */ = {isa = PBXBuildFile; fileRef = 352DC7C525BB4A630090BB6E /* StoryIconItem.swift */; };
		352DC7CA25BB508A0090BB6E /* User.swift in Sources */ = {isa = PBXBuildFile; fileRef = 352DC7C925BB508A0090BB6E /* User.swift */; };
		352DC7CF25BB82690090BB6E /* Post.swift in Sources */ = {isa = PBXBuildFile; fileRef = 352DC7CE25BB82690090BB6E /* Post.swift */; };
		352DC7D225BBA4770090BB6E /* PostItem.swift in Sources */ = {isa = PBXBuildFile; fileRef = 352DC7D125BBA4770090BB6E /* PostItem.swift */; };
		35D8C35625B9D51A00909FCA /* AppDelegate.swift in Sources */ = {isa = PBXBuildFile; fileRef = 35D8C35525B9D51A00909FCA /* AppDelegate.swift */; };
		35D8C35825B9D51A00909FCA /* SceneDelegate.swift in Sources */ = {isa = PBXBuildFile; fileRef = 35D8C35725B9D51A00909FCA /* SceneDelegate.swift */; };
		35D8C35A25B9D51A00909FCA /* FeedView.swift in Sources */ = {isa = PBXBuildFile; fileRef = 35D8C35925B9D51A00909FCA /* FeedView.swift */; };
		35D8C35C25B9D51B00909FCA /* Assets.xcassets in Resources */ = {isa = PBXBuildFile; fileRef = 35D8C35B25B9D51B00909FCA /* Assets.xcassets */; };
		35D8C35F25B9D51B00909FCA /* Preview Assets.xcassets in Resources */ = {isa = PBXBuildFile; fileRef = 35D8C35E25B9D51B00909FCA /* Preview Assets.xcassets */; };
		35D8C36225B9D51B00909FCA /* LaunchScreen.storyboard in Resources */ = {isa = PBXBuildFile; fileRef = 35D8C36025B9D51B00909FCA /* LaunchScreen.storyboard */; };
		35D8C36B25B9D59800909FCA /* LoginView.swift in Sources */ = {isa = PBXBuildFile; fileRef = 35D8C36A25B9D59800909FCA /* LoginView.swift */; };
		35D8C36E25B9D86F00909FCA /* CustomTextField.swift in Sources */ = {isa = PBXBuildFile; fileRef = 35D8C36D25B9D86F00909FCA /* CustomTextField.swift */; };
		35DFA63D25BDDBB80022E79B /* CustomTabView.swift in Sources */ = {isa = PBXBuildFile; fileRef = 35DFA63C25BDDBB80022E79B /* CustomTabView.swift */; };
/* End PBXBuildFile section */

/* Begin PBXFileReference section */
		3502142B25BE05E80094165A /* login-filled-texts.png */ = {isa = PBXFileReference; lastKnownFileType = image.png; path = "login-filled-texts.png"; sourceTree = "<group>"; };
		3502142C25BE05EA0094165A /* iphone-mockup.gif */ = {isa = PBXFileReference; lastKnownFileType = image.gif; path = "iphone-mockup.gif"; sourceTree = "<group>"; };
		3502142D25BE05EA0094165A /* login.png */ = {isa = PBXFileReference; lastKnownFileType = image.png; path = login.png; sourceTree = "<group>"; };
		3502142E25BE05EA0094165A /* feed.png */ = {isa = PBXFileReference; lastKnownFileType = image.png; path = feed.png; sourceTree = "<group>"; };
		3519AC8B25BA37B700876A52 /* CustomSecureField.swift */ = {isa = PBXFileReference; lastKnownFileType = sourcecode.swift; path = CustomSecureField.swift; sourceTree = "<group>"; };
		3519AC9025BA3AAD00876A52 /* CustomRoundedRectangle.swift */ = {isa = PBXFileReference; lastKnownFileType = sourcecode.swift; path = CustomRoundedRectangle.swift; sourceTree = "<group>"; };
		3519AC9525BA5C8000876A52 /* CustomButton.swift */ = {isa = PBXFileReference; lastKnownFileType = sourcecode.swift; path = CustomButton.swift; sourceTree = "<group>"; };
		3519AC9925BA639100876A52 /* LinkText.swift */ = {isa = PBXFileReference; lastKnownFileType = sourcecode.swift; path = LinkText.swift; sourceTree = "<group>"; };
		3519ACA525BA738100876A52 /* LoginViewState.swift */ = {isa = PBXFileReference; lastKnownFileType = sourcecode.swift; path = LoginViewState.swift; sourceTree = "<group>"; };
		3519ACAA25BA74CE00876A52 /* LoginViewModel.swift */ = {isa = PBXFileReference; lastKnownFileType = sourcecode.swift; path = LoginViewModel.swift; sourceTree = "<group>"; };
		352DC7BC25BB15530090BB6E /* CustomNavigationBar.swift */ = {isa = PBXFileReference; lastKnownFileType = sourcecode.swift; path = CustomNavigationBar.swift; sourceTree = "<group>"; };
		352DC7C125BB319E0090BB6E /* StoriesView.swift */ = {isa = PBXFileReference; lastKnownFileType = sourcecode.swift; path = StoriesView.swift; sourceTree = "<group>"; };
		352DC7C525BB4A630090BB6E /* StoryIconItem.swift */ = {isa = PBXFileReference; lastKnownFileType = sourcecode.swift; path = StoryIconItem.swift; sourceTree = "<group>"; };
		352DC7C925BB508A0090BB6E /* User.swift */ = {isa = PBXFileReference; lastKnownFileType = sourcecode.swift; path = User.swift; sourceTree = "<group>"; };
		352DC7CE25BB82690090BB6E /* Post.swift */ = {isa = PBXFileReference; lastKnownFileType = sourcecode.swift; path = Post.swift; sourceTree = "<group>"; };
		352DC7D125BBA4770090BB6E /* PostItem.swift */ = {isa = PBXFileReference; lastKnownFileType = sourcecode.swift; path = PostItem.swift; sourceTree = "<group>"; };
		35D8C35225B9D51A00909FCA /* Instagram-SwiftUI.app */ = {isa = PBXFileReference; explicitFileType = wrapper.application; includeInIndex = 0; path = "Instagram-SwiftUI.app"; sourceTree = BUILT_PRODUCTS_DIR; };
		35D8C35525B9D51A00909FCA /* AppDelegate.swift */ = {isa = PBXFileReference; lastKnownFileType = sourcecode.swift; path = AppDelegate.swift; sourceTree = "<group>"; };
		35D8C35725B9D51A00909FCA /* SceneDelegate.swift */ = {isa = PBXFileReference; lastKnownFileType = sourcecode.swift; path = SceneDelegate.swift; sourceTree = "<group>"; };
		35D8C35925B9D51A00909FCA /* FeedView.swift */ = {isa = PBXFileReference; lastKnownFileType = sourcecode.swift; path = FeedView.swift; sourceTree = "<group>"; };
		35D8C35B25B9D51B00909FCA /* Assets.xcassets */ = {isa = PBXFileReference; lastKnownFileType = folder.assetcatalog; path = Assets.xcassets; sourceTree = "<group>"; };
		35D8C35E25B9D51B00909FCA /* Preview Assets.xcassets */ = {isa = PBXFileReference; lastKnownFileType = folder.assetcatalog; path = "Preview Assets.xcassets"; sourceTree = "<group>"; };
		35D8C36125B9D51B00909FCA /* Base */ = {isa = PBXFileReference; lastKnownFileType = file.storyboard; name = Base; path = Base.lproj/LaunchScreen.storyboard; sourceTree = "<group>"; };
		35D8C36325B9D51B00909FCA /* Info.plist */ = {isa = PBXFileReference; lastKnownFileType = text.plist.xml; path = Info.plist; sourceTree = "<group>"; };
		35D8C36A25B9D59800909FCA /* LoginView.swift */ = {isa = PBXFileReference; lastKnownFileType = sourcecode.swift; path = LoginView.swift; sourceTree = "<group>"; };
		35D8C36D25B9D86F00909FCA /* CustomTextField.swift */ = {isa = PBXFileReference; lastKnownFileType = sourcecode.swift; path = CustomTextField.swift; sourceTree = "<group>"; };
		35DFA63C25BDDBB80022E79B /* CustomTabView.swift */ = {isa = PBXFileReference; lastKnownFileType = sourcecode.swift; path = CustomTabView.swift; sourceTree = "<group>"; };
/* End PBXFileReference section */

/* Begin PBXFrameworksBuildPhase section */
		35D8C34F25B9D51A00909FCA /* Frameworks */ = {
			isa = PBXFrameworksBuildPhase;
			buildActionMask = 2147483647;
			files = (
			);
			runOnlyForDeploymentPostprocessing = 0;
		};
/* End PBXFrameworksBuildPhase section */

/* Begin PBXGroup section */
		3502142A25BE05D60094165A /* Screenshots */ = {
			isa = PBXGroup;
			children = (
				3502142E25BE05EA0094165A /* feed.png */,
				3502142C25BE05EA0094165A /* iphone-mockup.gif */,
				3502142B25BE05E80094165A /* login-filled-texts.png */,
				3502142D25BE05EA0094165A /* login.png */,
			);
			path = Screenshots;
			sourceTree = "<group>";
		};
		3519AC9C25BA6F0100876A52 /* Scenes */ = {
			isa = PBXGroup;
			children = (
				352DC7C025BB31870090BB6E /* Stories */,
				3519AC9D25BA6FD800876A52 /* Login */,
				3519ACA125BA705300876A52 /* Feed */,
			);
			path = Scenes;
			sourceTree = "<group>";
		};
		3519AC9D25BA6FD800876A52 /* Login */ = {
			isa = PBXGroup;
			children = (
				35D8C36A25B9D59800909FCA /* LoginView.swift */,
				3519ACAA25BA74CE00876A52 /* LoginViewModel.swift */,
				3519ACA525BA738100876A52 /* LoginViewState.swift */,
			);
			path = Login;
			sourceTree = "<group>";
		};
		3519ACA025BA702C00876A52 /* Components */ = {
			isa = PBXGroup;
			children = (
				3519AC8B25BA37B700876A52 /* CustomSecureField.swift */,
				35D8C36D25B9D86F00909FCA /* CustomTextField.swift */,
				3519AC9025BA3AAD00876A52 /* CustomRoundedRectangle.swift */,
				3519AC9525BA5C8000876A52 /* CustomButton.swift */,
				3519AC9925BA639100876A52 /* LinkText.swift */,
				352DC7BC25BB15530090BB6E /* CustomNavigationBar.swift */,
				352DC7C525BB4A630090BB6E /* StoryIconItem.swift */,
				352DC7D125BBA4770090BB6E /* PostItem.swift */,
				35DFA63C25BDDBB80022E79B /* CustomTabView.swift */,
			);
			path = Components;
			sourceTree = "<group>";
		};
		3519ACA125BA705300876A52 /* Feed */ = {
			isa = PBXGroup;
			children = (
				35D8C35925B9D51A00909FCA /* FeedView.swift */,
			);
			path = Feed;
			sourceTree = "<group>";
		};
		352DC7C025BB31870090BB6E /* Stories */ = {
			isa = PBXGroup;
			children = (
				352DC7C125BB319E0090BB6E /* StoriesView.swift */,
			);
			path = Stories;
			sourceTree = "<group>";
		};
		352DC7C825BB50750090BB6E /* Models */ = {
			isa = PBXGroup;
			children = (
				352DC7C925BB508A0090BB6E /* User.swift */,
				352DC7CE25BB82690090BB6E /* Post.swift */,
			);
			path = Models;
			sourceTree = "<group>";
		};
		35D8C34925B9D51A00909FCA = {
			isa = PBXGroup;
			children = (
				3502142A25BE05D60094165A /* Screenshots */,
				35D8C35425B9D51A00909FCA /* Instagram-SwiftUI */,
				35D8C35325B9D51A00909FCA /* Products */,
			);
			sourceTree = "<group>";
		};
		35D8C35325B9D51A00909FCA /* Products */ = {
			isa = PBXGroup;
			children = (
				35D8C35225B9D51A00909FCA /* Instagram-SwiftUI.app */,
			);
			name = Products;
			sourceTree = "<group>";
		};
		35D8C35425B9D51A00909FCA /* Instagram-SwiftUI */ = {
			isa = PBXGroup;
			children = (
				352DC7C825BB50750090BB6E /* Models */,
				3519ACA025BA702C00876A52 /* Components */,
				3519AC9C25BA6F0100876A52 /* Scenes */,
				35D8C35525B9D51A00909FCA /* AppDelegate.swift */,
				35D8C35725B9D51A00909FCA /* SceneDelegate.swift */,
				35D8C35B25B9D51B00909FCA /* Assets.xcassets */,
				35D8C36025B9D51B00909FCA /* LaunchScreen.storyboard */,
				35D8C36325B9D51B00909FCA /* Info.plist */,
				35D8C35D25B9D51B00909FCA /* Preview Content */,
			);
			path = "Instagram-SwiftUI";
			sourceTree = "<group>";
		};
		35D8C35D25B9D51B00909FCA /* Preview Content */ = {
			isa = PBXGroup;
			children = (
				35D8C35E25B9D51B00909FCA /* Preview Assets.xcassets */,
			);
			path = "Preview Content";
			sourceTree = "<group>";
		};
/* End PBXGroup section */

/* Begin PBXNativeTarget section */
		35D8C35125B9D51A00909FCA /* Instagram-SwiftUI */ = {
			isa = PBXNativeTarget;
			buildConfigurationList = 35D8C36625B9D51B00909FCA /* Build configuration list for PBXNativeTarget "Instagram-SwiftUI" */;
			buildPhases = (
				35D8C34E25B9D51A00909FCA /* Sources */,
				35D8C34F25B9D51A00909FCA /* Frameworks */,
				35D8C35025B9D51A00909FCA /* Resources */,
			);
			buildRules = (
			);
			dependencies = (
			);
			name = "Instagram-SwiftUI";
			productName = "Instagram-SwiftUI";
			productReference = 35D8C35225B9D51A00909FCA /* Instagram-SwiftUI.app */;
			productType = "com.apple.product-type.application";
		};
/* End PBXNativeTarget section */

/* Begin PBXProject section */
		35D8C34A25B9D51A00909FCA /* Project object */ = {
			isa = PBXProject;
			attributes = {
				LastSwiftUpdateCheck = 1230;
				LastUpgradeCheck = 1230;
				TargetAttributes = {
					35D8C35125B9D51A00909FCA = {
						CreatedOnToolsVersion = 12.3;
					};
				};
			};
			buildConfigurationList = 35D8C34D25B9D51A00909FCA /* Build configuration list for PBXProject "Instagram-SwiftUI" */;
			compatibilityVersion = "Xcode 9.3";
			developmentRegion = en;
			hasScannedForEncodings = 0;
			knownRegions = (
				en,
				Base,
			);
			mainGroup = 35D8C34925B9D51A00909FCA;
			productRefGroup = 35D8C35325B9D51A00909FCA /* Products */;
			projectDirPath = "";
			projectRoot = "";
			targets = (
				35D8C35125B9D51A00909FCA /* Instagram-SwiftUI */,
			);
		};
/* End PBXProject section */

/* Begin PBXResourcesBuildPhase section */
		35D8C35025B9D51A00909FCA /* Resources */ = {
			isa = PBXResourcesBuildPhase;
			buildActionMask = 2147483647;
			files = (
				3502142F25BE05EA0094165A /* login-filled-texts.png in Resources */,
				3502143225BE05EA0094165A /* feed.png in Resources */,
				3502143125BE05EA0094165A /* login.png in Resources */,
				3502143025BE05EA0094165A /* iphone-mockup.gif in Resources */,
				35D8C36225B9D51B00909FCA /* LaunchScreen.storyboard in Resources */,
				35D8C35F25B9D51B00909FCA /* Preview Assets.xcassets in Resources */,
				35D8C35C25B9D51B00909FCA /* Assets.xcassets in Resources */,
			);
			runOnlyForDeploymentPostprocessing = 0;
		};
/* End PBXResourcesBuildPhase section */

/* Begin PBXSourcesBuildPhase section */
		35D8C34E25B9D51A00909FCA /* Sources */ = {
			isa = PBXSourcesBuildPhase;
			buildActionMask = 2147483647;
			files = (
				35D8C35625B9D51A00909FCA /* AppDelegate.swift in Sources */,
				35D8C35825B9D51A00909FCA /* SceneDelegate.swift in Sources */,
				352DC7D225BBA4770090BB6E /* PostItem.swift in Sources */,
				3519ACAB25BA74CE00876A52 /* LoginViewModel.swift in Sources */,
				352DC7C225BB319E0090BB6E /* StoriesView.swift in Sources */,
				352DC7BD25BB15530090BB6E /* CustomNavigationBar.swift in Sources */,
				3519AC9125BA3AAD00876A52 /* CustomRoundedRectangle.swift in Sources */,
				3519AC8C25BA37B700876A52 /* CustomSecureField.swift in Sources */,
				352DC7C625BB4A630090BB6E /* StoryIconItem.swift in Sources */,
				352DC7CA25BB508A0090BB6E /* User.swift in Sources */,
				3519ACA625BA738100876A52 /* LoginViewState.swift in Sources */,
				3519AC9625BA5C8000876A52 /* CustomButton.swift in Sources */,
				352DC7CF25BB82690090BB6E /* Post.swift in Sources */,
				35D8C36B25B9D59800909FCA /* LoginView.swift in Sources */,
				3519AC9A25BA639100876A52 /* LinkText.swift in Sources */,
				35DFA63D25BDDBB80022E79B /* CustomTabView.swift in Sources */,
				35D8C35A25B9D51A00909FCA /* FeedView.swift in Sources */,
				35D8C36E25B9D86F00909FCA /* CustomTextField.swift in Sources */,
			);
			runOnlyForDeploymentPostprocessing = 0;
		};
/* End PBXSourcesBuildPhase section */

/* Begin PBXVariantGroup section */
		35D8C36025B9D51B00909FCA /* LaunchScreen.storyboard */ = {
			isa = PBXVariantGroup;
			children = (
				35D8C36125B9D51B00909FCA /* Base */,
			);
			name = LaunchScreen.storyboard;
			sourceTree = "<group>";
		};
/* End PBXVariantGroup section */

/* Begin XCBuildConfiguration section */
		35D8C36425B9D51B00909FCA /* Debug */ = {
			isa = XCBuildConfiguration;
			buildSettings = {
				ALWAYS_SEARCH_USER_PATHS = NO;
				CLANG_ANALYZER_NONNULL = YES;
				CLANG_ANALYZER_NUMBER_OBJECT_CONVERSION = YES_AGGRESSIVE;
				CLANG_CXX_LANGUAGE_STANDARD = "gnu++14";
				CLANG_CXX_LIBRARY = "libc++";
				CLANG_ENABLE_MODULES = YES;
				CLANG_ENABLE_OBJC_ARC = YES;
				CLANG_ENABLE_OBJC_WEAK = YES;
				CLANG_WARN_BLOCK_CAPTURE_AUTORELEASING = YES;
				CLANG_WARN_BOOL_CONVERSION = YES;
				CLANG_WARN_COMMA = YES;
				CLANG_WARN_CONSTANT_CONVERSION = YES;
				CLANG_WARN_DEPRECATED_OBJC_IMPLEMENTATIONS = YES;
				CLANG_WARN_DIRECT_OBJC_ISA_USAGE = YES_ERROR;
				CLANG_WARN_DOCUMENTATION_COMMENTS = YES;
				CLANG_WARN_EMPTY_BODY = YES;
				CLANG_WARN_ENUM_CONVERSION = YES;
				CLANG_WARN_INFINITE_RECURSION = YES;
				CLANG_WARN_INT_CONVERSION = YES;
				CLANG_WARN_NON_LITERAL_NULL_CONVERSION = YES;
				CLANG_WARN_OBJC_IMPLICIT_RETAIN_SELF = YES;
				CLANG_WARN_OBJC_LITERAL_CONVERSION = YES;
				CLANG_WARN_OBJC_ROOT_CLASS = YES_ERROR;
				CLANG_WARN_QUOTED_INCLUDE_IN_FRAMEWORK_HEADER = YES;
				CLANG_WARN_RANGE_LOOP_ANALYSIS = YES;
				CLANG_WARN_STRICT_PROTOTYPES = YES;
				CLANG_WARN_SUSPICIOUS_MOVE = YES;
				CLANG_WARN_UNGUARDED_AVAILABILITY = YES_AGGRESSIVE;
				CLANG_WARN_UNREACHABLE_CODE = YES;
				CLANG_WARN__DUPLICATE_METHOD_MATCH = YES;
				COPY_PHASE_STRIP = NO;
				DEBUG_INFORMATION_FORMAT = dwarf;
				ENABLE_STRICT_OBJC_MSGSEND = YES;
				ENABLE_TESTABILITY = YES;
				GCC_C_LANGUAGE_STANDARD = gnu11;
				GCC_DYNAMIC_NO_PIC = NO;
				GCC_NO_COMMON_BLOCKS = YES;
				GCC_OPTIMIZATION_LEVEL = 0;
				GCC_PREPROCESSOR_DEFINITIONS = (
					"DEBUG=1",
					"$(inherited)",
				);
				GCC_WARN_64_TO_32_BIT_CONVERSION = YES;
				GCC_WARN_ABOUT_RETURN_TYPE = YES_ERROR;
				GCC_WARN_UNDECLARED_SELECTOR = YES;
				GCC_WARN_UNINITIALIZED_AUTOS = YES_AGGRESSIVE;
				GCC_WARN_UNUSED_FUNCTION = YES;
				GCC_WARN_UNUSED_VARIABLE = YES;
				IPHONEOS_DEPLOYMENT_TARGET = 14.3;
				MTL_ENABLE_DEBUG_INFO = INCLUDE_SOURCE;
				MTL_FAST_MATH = YES;
				ONLY_ACTIVE_ARCH = YES;
				SDKROOT = iphoneos;
				SWIFT_ACTIVE_COMPILATION_CONDITIONS = DEBUG;
				SWIFT_OPTIMIZATION_LEVEL = "-Onone";
			};
			name = Debug;
		};
		35D8C36525B9D51B00909FCA /* Release */ = {
			isa = XCBuildConfiguration;
			buildSettings = {
				ALWAYS_SEARCH_USER_PATHS = NO;
				CLANG_ANALYZER_NONNULL = YES;
				CLANG_ANALYZER_NUMBER_OBJECT_CONVERSION = YES_AGGRESSIVE;
				CLANG_CXX_LANGUAGE_STANDARD = "gnu++14";
				CLANG_CXX_LIBRARY = "libc++";
				CLANG_ENABLE_MODULES = YES;
				CLANG_ENABLE_OBJC_ARC = YES;
				CLANG_ENABLE_OBJC_WEAK = YES;
				CLANG_WARN_BLOCK_CAPTURE_AUTORELEASING = YES;
				CLANG_WARN_BOOL_CONVERSION = YES;
				CLANG_WARN_COMMA = YES;
				CLANG_WARN_CONSTANT_CONVERSION = YES;
				CLANG_WARN_DEPRECATED_OBJC_IMPLEMENTATIONS = YES;
				CLANG_WARN_DIRECT_OBJC_ISA_USAGE = YES_ERROR;
				CLANG_WARN_DOCUMENTATION_COMMENTS = YES;
				CLANG_WARN_EMPTY_BODY = YES;
				CLANG_WARN_ENUM_CONVERSION = YES;
				CLANG_WARN_INFINITE_RECURSION = YES;
				CLANG_WARN_INT_CONVERSION = YES;
				CLANG_WARN_NON_LITERAL_NULL_CONVERSION = YES;
				CLANG_WARN_OBJC_IMPLICIT_RETAIN_SELF = YES;
				CLANG_WARN_OBJC_LITERAL_CONVERSION = YES;
				CLANG_WARN_OBJC_ROOT_CLASS = YES_ERROR;
				CLANG_WARN_QUOTED_INCLUDE_IN_FRAMEWORK_HEADER = YES;
				CLANG_WARN_RANGE_LOOP_ANALYSIS = YES;
				CLANG_WARN_STRICT_PROTOTYPES = YES;
				CLANG_WARN_SUSPICIOUS_MOVE = YES;
				CLANG_WARN_UNGUARDED_AVAILABILITY = YES_AGGRESSIVE;
				CLANG_WARN_UNREACHABLE_CODE = YES;
				CLANG_WARN__DUPLICATE_METHOD_MATCH = YES;
				COPY_PHASE_STRIP = NO;
				DEBUG_INFORMATION_FORMAT = "dwarf-with-dsym";
				ENABLE_NS_ASSERTIONS = NO;
				ENABLE_STRICT_OBJC_MSGSEND = YES;
				GCC_C_LANGUAGE_STANDARD = gnu11;
				GCC_NO_COMMON_BLOCKS = YES;
				GCC_WARN_64_TO_32_BIT_CONVERSION = YES;
				GCC_WARN_ABOUT_RETURN_TYPE = YES_ERROR;
				GCC_WARN_UNDECLARED_SELECTOR = YES;
				GCC_WARN_UNINITIALIZED_AUTOS = YES_AGGRESSIVE;
				GCC_WARN_UNUSED_FUNCTION = YES;
				GCC_WARN_UNUSED_VARIABLE = YES;
				IPHONEOS_DEPLOYMENT_TARGET = 14.3;
				MTL_ENABLE_DEBUG_INFO = NO;
				MTL_FAST_MATH = YES;
				SDKROOT = iphoneos;
				SWIFT_COMPILATION_MODE = wholemodule;
				SWIFT_OPTIMIZATION_LEVEL = "-O";
				VALIDATE_PRODUCT = YES;
			};
			name = Release;
		};
		35D8C36725B9D51B00909FCA /* Debug */ = {
			isa = XCBuildConfiguration;
			buildSettings = {
				ASSETCATALOG_COMPILER_APPICON_NAME = AppIcon;
				ASSETCATALOG_COMPILER_GLOBAL_ACCENT_COLOR_NAME = AccentColor;
				CODE_SIGN_STYLE = Automatic;
				DEVELOPMENT_ASSET_PATHS = "\"Instagram-SwiftUI/Preview Content\"";
				DEVELOPMENT_TEAM = SCF6DTLWM7;
				ENABLE_PREVIEWS = YES;
				INFOPLIST_FILE = "Instagram-SwiftUI/Info.plist";
				LD_RUNPATH_SEARCH_PATHS = (
					"$(inherited)",
					"@executable_path/Frameworks",
				);
				PRODUCT_BUNDLE_IDENTIFIER = "com.vianaleonardo.Instagram-SwiftUI";
				PRODUCT_NAME = "$(TARGET_NAME)";
				SWIFT_VERSION = 5.0;
				TARGETED_DEVICE_FAMILY = "1,2";
			};
			name = Debug;
		};
		35D8C36825B9D51B00909FCA /* Release */ = {
			isa = XCBuildConfiguration;
			buildSettings = {
				ASSETCATALOG_COMPILER_APPICON_NAME = AppIcon;
				ASSETCATALOG_COMPILER_GLOBAL_ACCENT_COLOR_NAME = AccentColor;
				CODE_SIGN_STYLE = Automatic;
				DEVELOPMENT_ASSET_PATHS = "\"Instagram-SwiftUI/Preview Content\"";
				DEVELOPMENT_TEAM = SCF6DTLWM7;
				ENABLE_PREVIEWS = YES;
				INFOPLIST_FILE = "Instagram-SwiftUI/Info.plist";
				LD_RUNPATH_SEARCH_PATHS = (
					"$(inherited)",
					"@executable_path/Frameworks",
				);
				PRODUCT_BUNDLE_IDENTIFIER = "com.vianaleonardo.Instagram-SwiftUI";
				PRODUCT_NAME = "$(TARGET_NAME)";
				SWIFT_VERSION = 5.0;
				TARGETED_DEVICE_FAMILY = "1,2";
			};
			name = Release;
		};
/* End XCBuildConfiguration section */

/* Begin XCConfigurationList section */
		35D8C34D25B9D51A00909FCA /* Build configuration list for PBXProject "Instagram-SwiftUI" */ = {
			isa = XCConfigurationList;
			buildConfigurations = (
				35D8C36425B9D51B00909FCA /* Debug */,
				35D8C36525B9D51B00909FCA /* Release */,
			);
			defaultConfigurationIsVisible = 0;
			defaultConfigurationName = Release;
		};
		35D8C36625B9D51B00909FCA /* Build configuration list for PBXNativeTarget "Instagram-SwiftUI" */ = {
			isa = XCConfigurationList;
			buildConfigurations = (
				35D8C36725B9D51B00909FCA /* Debug */,
				35D8C36825B9D51B00909FCA /* Release */,
			);
			defaultConfigurationIsVisible = 0;
			defaultConfigurationName = Release;
		};
/* End XCConfigurationList section */
	};
	rootObject = 35D8C34A25B9D51A00909FCA /* Project object */;
}
